name: Refresh dependency lock

on:
  push:
    branches:
      - 'deps/brace-expansion-security'
  pull_request:
    branches:
      - main
    types: [opened, synchronize]

permissions:
  contents: write

jobs:
  refresh:
    if: github.event_name == 'push' || github.event.pull_request.head.repo.full_name == github.repository
    runs-on: ubuntu-latest
    steps:
      - name: Checkout
        uses: actions/checkout@v6

      - name: Setup Node
        uses: actions/setup-node@v6
        with:
          node-version: 24.19.0
          cache: npm

      - name: Regenerate lockfile
        run: npm install --package-lock-only --ignore-scripts --no-audit --no-fund

      - name: Commit lockfile
        run: |
          if git diff --quiet -- package-lock.json; then
            echo "package-lock.json is already up to date"
            exit 0
          fi
          git config user.name "github-actions[bot]"
          git config user.email "41898282+github-actions[bot]@users.noreply.github.com"
          git add package-lock.json
          git commit -m "fix(security): refresh brace-expansion lockfile"
          git push
